{
  "nodes": {
    "nix-darwin": {
      "inputs": {
        "nixpkgs": [
          "nixpkgs"
        ]
      },
      "locked": {
        "lastModified": 1724299755,
        "narHash": "sha256-P5zMA17kD9tqiqMuNXwupkM7buM3gMNtoZ1VuJTRDE4=",
        "owner": "LnL7",
        "repo": "nix-darwin",
        "rev": "a8968d88e5a537b0491f68ce910749cd870bdbef",
        "type": "github"
      },
      "original": {
        "owner": "LnL7",
        "repo": "nix-darwin",
        "type": "github"
      }
    },
    "nixpkgs": {
      "locked": {
        "lastModified": 1724271409,
        "narHash": "sha256-z4nw9HxkaXEn+5OT8ljLVL2oataHvAzUQ1LEi8Fp+SY=",
        "owner": "NixOS",
        "repo": "nixpkgs",
        "rev": "36a9aeaaa17a2d4348498275f9fe530cd4f9e519",
        "type": "github"
      },
      "original": {
        "owner": "NixOS",
        "ref": "nixpkgs-unstable",
        "repo": "nixpkgs",
        "type": "github"
      }
    },
    "root": {
      "inputs": {
        "nix-darwin": "nix-darwin",
        "nixpkgs": "nixpkgs"
      }
    }
  },
  "root": "root",
  "version": 7
}
